# This file is automatically @generated by Cargo.
# It is not intended for manual editing.
[[package]]
name = "bit_field"
version = "0.9.0"
source = "registry+https://github.com/rust-lang/crates.io-index"
checksum = "ed8765909f9009617974ab6b7d332625b320b33c326b1e9321382ef1999b5d56"

[[package]]
name = "bitflags"
version = "1.2.1"
source = "registry+https://github.com/rust-lang/crates.io-index"
checksum = "cf1de2fe8c75bc145a2f577add951f8134889b4795d47466a54a5c846d691693"

[[package]]
name = "cc"
version = "1.0.50"
source = "registry+https://github.com/rust-lang/crates.io-index"
checksum = "95e28fa049fda1c330bcf9d723be7663a899c4679724b34c81e9f5a326aab8cd"

[[package]]
name = "compiler_builtins"
version = "0.1.26"
source = "registry+https://github.com/rust-lang/crates.io-index"
checksum = "036b035e9ebcd705affece16319223d19f229e2358be6e3b7b094e57193312e6"

[[package]]
name = "cstr_core"
version = "0.1.2"
source = "registry+https://github.com/rust-lang/crates.io-index"
checksum = "6ebe7158ee57e848621d24d0ed87910edb97639cb94ad9977edf440e31226035"
dependencies = [
 "cty",
 "memchr",
]

[[package]]
name = "cty"
version = "0.1.5"
source = "registry+https://github.com/rust-lang/crates.io-index"
checksum = "c4e1d41c471573612df00397113557693b5bf5909666a8acb253930612b93312"

[[package]]
name = "epiphyllum"
version = "0.1.0"
dependencies = [
 "cc",
 "compiler_builtins",
 "cstr_core",
 "lazy_static",
 "spin",
 "x86_64",
]

[[package]]
name = "epiphyllum-bootloader"
version = "0.1.0"
dependencies = [
 "cc",
 "cstr_core",
 "lazy_static",
 "spin",
 "x86_64",
]

[[package]]
name = "lazy_static"
version = "1.4.0"
source = "registry+https://github.com/rust-lang/crates.io-index"
checksum = "e2abad23fbc42b3700f2f279844dc832adb2b2eb069b2df918f455c4e18cc646"
dependencies = [
 "spin",
]

[[package]]
name = "memchr"
version = "2.3.3"
source = "registry+https://github.com/rust-lang/crates.io-index"
checksum = "3728d817d99e5ac407411fa471ff9800a778d88a24685968b36824eaf4bee400"

[[package]]
name = "spin"
version = "0.5.2"
source = "registry+https://github.com/rust-lang/crates.io-index"
checksum = "6e63cff320ae2c57904679ba7cb63280a3dc4613885beafb148ee7bf9aa9042d"

[[package]]
name = "x86_64"
version = "0.9.5"
source = "registry+https://github.com/rust-lang/crates.io-index"
checksum = "4e6a3f047ad0844d3b4794f34d1095aefb918241064663d4163db8c7d4a76edf"
dependencies = [
 "bit_field",
 "bitflags",
]
